
Microsoft Visual Studio Solution File, Format Version 12.00
# Visual Studio Version 17
VisualStudioVersion = 17.6.33723.286
MinimumVisualStudioVersion = 10.0.40219.1
Project("{FAE04EC0-301F-11D3-BF4B-00C04F79EFBC}") = "TikTakToe", "TikTakToe\TikTakToe.csproj", "{17B872D3-1459-4617-B28D-91DE50BD5D1D}"
EndProject
Global
	GlobalSection(SolutionConfigurationPlatforms) = preSolution
		Debug|Any CPU = Debug|Any CPU
		Release|Any CPU = Release|Any CPU
	EndGlobalSection
	GlobalSection(ProjectConfigurationPlatforms) = postSolution
		{17B872D3-1459-4617-B28D-91DE50BD5D1D}.Debug|Any CPU.ActiveCfg = Debug|Any CPU
		{17B872D3-1459-4617-B28D-91DE50BD5D1D}.Debug|Any CPU.Build.0 = Debug|Any CPU
		{17B872D3-1459-4617-B28D-91DE50BD5D1D}.Release|Any CPU.ActiveCfg = Release|Any CPU
		{17B872D3-1459-4617-B28D-91DE50BD5D1D}.Release|Any CPU.Build.0 = Release|Any CPU
	EndGlobalSection
	GlobalSection(SolutionProperties) = preSolution
		HideSolutionNode = FALSE
	EndGlobalSection
	GlobalSection(ExtensibilityGlobals) = postSolution
		SolutionGuid = {559A44F5-50E1-4AAA-8ECD-B56AF53670B5}
	EndGlobalSection
EndGlobal
